<?xml version="1.0" encoding="utf-8"?>
<Project ToolsVersion="4.0" xmlns="http://schemas.microsoft.com/developer/msbuild/2003">
  <ItemGroup>
    <Filter Include="Solving">
      <UniqueIdentifier>{d0c00221-3598-4c09-8037-9205f09ac82d}</UniqueIdentifier>
    </Filter>
    <Filter Include="Kriiicon4">
      <UniqueIdentifier>{c4f90f98-640d-4e7e-9b25-b25410ec8d2d}</UniqueIdentifier>
    </Filter>
    <Filter Include="Baekjoon">
      <UniqueIdentifier>{961a47f4-9baa-4291-abee-94e1e789921e}</UniqueIdentifier>
    </Filter>
    <Filter Include="Algospot">
      <UniqueIdentifier>{4FC737F1-C7A5-4376-A066-2A32D752A2FF}</UniqueIdentifier>
      <Extensions>cpp;c;cc;cxx;def;odl;idl;hpj;bat;asm;asmx</Extensions>
    </Filter>
    <Filter Include="HackerCup">
      <UniqueIdentifier>{5bd43520-4935-42a6-a662-17e4091b64be}</UniqueIdentifier>
    </Filter>
    <Filter Include="CodeJam">
      <UniqueIdentifier>{905ff48a-c82c-47ee-b617-6bca1e231ef9}</UniqueIdentifier>
    </Filter>
  </ItemGroup>
  <ItemGroup>
    <ClCompile Include="Anagram.cpp">
      <Filter>Algospot</Filter>
    </ClCompile>
    <ClCompile Include="Arctic.cpp">
      <Filter>Algospot</Filter>
    </ClCompile>
    <ClCompile Include="AsymTiling.cpp">
      <Filter>Algospot</Filter>
    </ClCompile>
    <ClCompile Include="Avoid.cpp">
      <Filter>Algospot</Filter>
    </ClCompile>
    <ClCompile Include="BlockGame.cpp">
      <Filter>Algospot</Filter>
    </ClCompile>
    <ClCompile Include="BoardCover.cpp">
      <Filter>Algospot</Filter>
    </ClCompile>
    <ClCompile Include="Boggle.cpp">
      <Filter>Algospot</Filter>
    </ClCompile>
    <ClCompile Include="Brackets2.cpp">
      <Filter>Algospot</Filter>
    </ClCompile>
    <ClCompile Include="BraveDuck.cpp">
      <Filter>Algospot</Filter>
    </ClCompile>
    <ClCompile Include="ClockSync.cpp">
      <Filter>Algospot</Filter>
    </ClCompile>
    <ClCompile Include="CoinChange.cpp">
      <Filter>Algospot</Filter>
    </ClCompile>
    <ClCompile Include="Concert.cpp">
      <Filter>Algospot</Filter>
    </ClCompile>
    <ClCompile Include="Convert.cpp">
      <Filter>Algospot</Filter>
    </ClCompile>
    <ClCompile Include="DiamondPath.cpp">
      <Filter>Algospot</Filter>
    </ClCompile>
    <ClCompile Include="Dolls.cpp">
      <Filter>Algospot</Filter>
    </ClCompile>
    <ClCompile Include="Dragon.cpp">
      <Filter>Algospot</Filter>
    </ClCompile>
    <ClCompile Include="DrawRect.cpp">
      <Filter>Algospot</Filter>
    </ClCompile>
    <ClCompile Include="Encrypt.cpp">
      <Filter>Algospot</Filter>
    </ClCompile>
    <ClCompile Include="Endian.cpp">
      <Filter>Algospot</Filter>
    </ClCompile>
    <ClCompile Include="Fence.cpp">
      <Filter>Algospot</Filter>
    </ClCompile>
    <ClCompile Include="Festival.cpp">
      <Filter>Algospot</Filter>
    </ClCompile>
    <ClCompile Include="FixParen.cpp">
      <Filter>Algospot</Filter>
    </ClCompile>
    <ClCompile Include="Grid.cpp">
      <Filter>Algospot</Filter>
    </ClCompile>
    <ClCompile Include="HammingCode.cpp">
      <Filter>Algospot</Filter>
    </ClCompile>
    <ClCompile Include="HelloWorld.cpp">
      <Filter>Algospot</Filter>
    </ClCompile>
    <ClCompile Include="HotSummer.cpp">
      <Filter>Algospot</Filter>
    </ClCompile>
    <ClCompile Include="JLIS.cpp">
      <Filter>Algospot</Filter>
    </ClCompile>
    <ClCompile Include="Josephus.cpp">
      <Filter>Algospot</Filter>
    </ClCompile>
    <ClCompile Include="JumpGame.cpp">
      <Filter>Algospot</Filter>
    </ClCompile>
    <ClCompile Include="KLIS.cpp">
      <Filter>Algospot</Filter>
    </ClCompile>
    <ClCompile Include="Koogle.cpp">
      <Filter>Algospot</Filter>
    </ClCompile>
    <ClCompile Include="Lecture.cpp">
      <Filter>Algospot</Filter>
    </ClCompile>
    <ClCompile Include="LIS.cpp">
      <Filter>Algospot</Filter>
    </ClCompile>
    <ClCompile Include="LunchBox.cpp">
      <Filter>Algospot</Filter>
    </ClCompile>
    <ClCompile Include="MaxSum.cpp">
      <Filter>Algospot</Filter>
    </ClCompile>
    <ClCompile Include="Meeting.cpp">
      <Filter>Algospot</Filter>
    </ClCompile>
    <ClCompile Include="Mercy.cpp">
      <Filter>Algospot</Filter>
    </ClCompile>
    <ClCompile Include="Mispell.cpp">
      <Filter>Algospot</Filter>
    </ClCompile>
    <ClCompile Include="MMRect1.cpp">
      <Filter>Algospot</Filter>
    </ClCompile>
    <ClCompile Include="Morse.cpp">
      <Filter>Algospot</Filter>
    </ClCompile>
    <ClCompile Include="NQueen.cpp">
      <Filter>Algospot</Filter>
    </ClCompile>
    <ClCompile Include="Numb3rs.cpp">
      <Filter>Algospot</Filter>
    </ClCompile>
    <ClCompile Include="NumberGame.cpp">
      <Filter>Algospot</Filter>
    </ClCompile>
    <ClCompile Include="Packing.cpp">
      <Filter>Algospot</Filter>
    </ClCompile>
    <ClCompile Include="Pi.cpp">
      <Filter>Algospot</Filter>
    </ClCompile>
    <ClCompile Include="Picnic.cpp">
      <Filter>Algospot</Filter>
    </ClCompile>
    <ClCompile Include="Poly.cpp">
      <Filter>Algospot</Filter>
    </ClCompile>
    <ClCompile Include="Prefix.cpp">
      <Filter>Algospot</Filter>
    </ClCompile>
    <ClCompile Include="QuadTree.cpp">
      <Filter>Algospot</Filter>
    </ClCompile>
    <ClCompile Include="Quantize.cpp">
      <Filter>Algospot</Filter>
    </ClCompile>
    <ClCompile Include="Ratio.cpp">
      <Filter>Algospot</Filter>
    </ClCompile>
    <ClCompile Include="Routing.cpp">
      <Filter>Algospot</Filter>
    </ClCompile>
    <ClCompile Include="Sentence.cpp">
      <Filter>Algospot</Filter>
    </ClCompile>
    <ClCompile Include="Shisensho.cpp">
      <Filter>Algospot</Filter>
    </ClCompile>
    <ClCompile Include="Snail.cpp">
      <Filter>Algospot</Filter>
    </ClCompile>
    <ClCompile Include="StrJoin.cpp">
      <Filter>Algospot</Filter>
    </ClCompile>
    <ClCompile Include="Sushi.cpp">
      <Filter>Algospot</Filter>
    </ClCompile>
    <ClCompile Include="Tictactoe.cpp">
      <Filter>Algospot</Filter>
    </ClCompile>
    <ClCompile Include="Tiling2.cpp">
      <Filter>Algospot</Filter>
    </ClCompile>
    <ClCompile Include="TrianglePath.cpp">
      <Filter>Algospot</Filter>
    </ClCompile>
    <ClCompile Include="TriPathCnt.cpp">
      <Filter>Algospot</Filter>
    </ClCompile>
    <ClCompile Include="TSP1.cpp">
      <Filter>Algospot</Filter>
    </ClCompile>
    <ClCompile Include="URI.cpp">
      <Filter>Algospot</Filter>
    </ClCompile>
    <ClCompile Include="WeeklyCalendar.cpp">
      <Filter>Algospot</Filter>
    </ClCompile>
    <ClCompile Include="Weird.cpp">
      <Filter>Algospot</Filter>
    </ClCompile>
    <ClCompile Include="Wildcard.cpp">
      <Filter>Algospot</Filter>
    </ClCompile>
    <ClCompile Include="Xhaeneung.cpp">
      <Filter>Algospot</Filter>
    </ClCompile>
    <ClCompile Include="ZeroOne.cpp">
      <Filter>Algospot</Filter>
    </ClCompile>
    <ClCompile Include="CSBaseBall.cpp">
      <Filter>Algospot</Filter>
    </ClCompile>
    <ClCompile Include="Moon.cpp">
      <Filter>Algospot</Filter>
    </ClCompile>
    <ClCompile Include="The100YearsWar.cpp">
      <Filter>Algospot</Filter>
    </ClCompile>
    <ClCompile Include="BookStore.cpp">
      <Filter>Algospot</Filter>
    </ClCompile>
    <ClCompile Include="Allergy.cpp">
      <Filter>Algospot</Filter>
    </ClCompile>
    <ClCompile Include="Dictionary.cpp">
      <Filter>Algospot</Filter>
    </ClCompile>
    <ClCompile Include="MatchOrder.cpp">
      <Filter>Algospot</Filter>
    </ClCompile>
    <ClCompile Include="Yulo.cpp">
      <Filter>Algospot</Filter>
    </ClCompile>
    <ClCompile Include="Ites.cpp">
      <Filter>Algospot</Filter>
    </ClCompile>
    <ClCompile Include="Fix.cpp">
      <Filter>Algospot</Filter>
    </ClCompile>
    <ClCompile Include="Move.cpp">
      <Filter>Algospot</Filter>
    </ClCompile>
    <ClCompile Include="Ordering.cpp">
      <Filter>Algospot</Filter>
    </ClCompile>
    <ClCompile Include="Traversal.cpp">
      <Filter>Algospot</Filter>
    </ClCompile>
    <ClCompile Include="Darpa.cpp">
      <Filter>Solving</Filter>
    </ClCompile>
    <ClCompile Include="CaveMan.cpp">
      <Filter>Algospot</Filter>
    </ClCompile>
    <ClCompile Include="Fortress.cpp">
      <Filter>Algospot</Filter>
    </ClCompile>
    <ClCompile Include="Kriiicon4\1.cpp">
      <Filter>Kriiicon4</Filter>
    </ClCompile>
    <ClCompile Include="Kriiicon4\10.cpp">
      <Filter>Kriiicon4</Filter>
    </ClCompile>
    <ClCompile Include="Kriiicon4\11.cpp">
      <Filter>Kriiicon4</Filter>
    </ClCompile>
    <ClCompile Include="Kriiicon4\Prac-A.cpp">
      <Filter>Kriiicon4</Filter>
    </ClCompile>
    <ClCompile Include="Kriiicon4\Prac-B.cpp">
      <Filter>Kriiicon4</Filter>
    </ClCompile>
    <ClCompile Include="Kriiicon4\Prac-C.cpp">
      <Filter>Kriiicon4</Filter>
    </ClCompile>
    <ClCompile Include="Baekjoon\1912-연속합.cpp">
      <Filter>Baekjoon</Filter>
    </ClCompile>
    <ClCompile Include="Baekjoon\1168-Josephus2.cpp">
      <Filter>Solving</Filter>
    </ClCompile>
    <ClCompile Include="Mordor.cpp">
      <Filter>Algospot</Filter>
    </ClCompile>
    <ClCompile Include="MagicPower.cpp">
      <Filter>Algospot</Filter>
    </ClCompile>
    <ClCompile Include="BruteForce.cpp">
      <Filter>Kriiicon4</Filter>
    </ClCompile>
    <ClCompile Include="Nerd2.cpp">
      <Filter>Algospot</Filter>
    </ClCompile>
    <ClCompile Include="Brave.cpp">
      <Filter>Algospot</Filter>
    </ClCompile>
    <ClCompile Include="Fire.cpp">
      <Filter>Algospot</Filter>
    </ClCompile>
    <ClCompile Include="RunningMedian.cpp">
      <Filter>Algospot</Filter>
    </ClCompile>
    <ClCompile Include="Dict.cpp">
      <Filter>Algospot</Filter>
    </ClCompile>
    <ClCompile Include="Note.cpp">
      <Filter>Algospot</Filter>
    </ClCompile>
    <ClCompile Include="Divis.cpp">
      <Filter>Algospot</Filter>
    </ClCompile>
    <ClCompile Include="EditorWars.cpp">
      <Filter>Algospot</Filter>
    </ClCompile>
    <ClCompile Include="7808-Snups4-A.cpp">
      <Filter>Baekjoon</Filter>
    </ClCompile>
    <ClCompile Include="2094-Snups4-C.cpp">
      <Filter>Baekjoon</Filter>
    </ClCompile>
    <ClCompile Include="6200-Snups4-B.cpp">
      <Filter>Baekjoon</Filter>
    </ClCompile>
    <ClCompile Include="11921-0.1.cpp">
      <Filter>Baekjoon</Filter>
    </ClCompile>
    <ClCompile Include="HackerCup\ProgressPie.cpp">
      <Filter>HackerCup</Filter>
    </ClCompile>
    <ClCompile Include="HackerCup\LazyLoading.cpp">
      <Filter>HackerCup</Filter>
    </ClCompile>
    <ClCompile Include="HackerCup\FightingTheZombie.cpp">
      <Filter>HackerCup</Filter>
    </ClCompile>
    <ClCompile Include="HackerCup\BeachUmbrellas.cpp">
      <Filter>HackerCup</Filter>
    </ClCompile>
    <ClCompile Include="HackerCup\ManicMoving.cpp">
      <Filter>HackerCup</Filter>
    </ClCompile>
    <ClCompile Include="HackerCup\PieProgress.cpp">
      <Filter>HackerCup</Filter>
    </ClCompile>
    <ClCompile Include="HackerCup\FightingTheZombies.cpp">
      <Filter>HackerCup</Filter>
    </ClCompile>
    <ClCompile Include="HackerCup\Practice.cpp">
      <Filter>HackerCup</Filter>
    </ClCompile>
    <ClCompile Include="HackerCup\BigTop.cpp">
      <Filter>HackerCup</Filter>
    </ClCompile>
    <ClCompile Include="Insertion.cpp">
      <Filter>Algospot</Filter>
    </ClCompile>
    <ClCompile Include="CodeJam\TidyNumbers.cpp">
      <Filter>CodeJam</Filter>
    </ClCompile>
    <ClCompile Include="CodeJam\BathroomStalls.cpp">
      <Filter>CodeJam</Filter>
    </ClCompile>
    <ClCompile Include="CodeJam\Ratatouille.cpp">
      <Filter>CodeJam</Filter>
    </ClCompile>
    <ClCompile Include="CodeJam\CruiseControl.cpp">
      <Filter>CodeJam</Filter>
    </ClCompile>
    <ClCompile Include="CodeJam\StableNeighbors.cpp">
      <Filter>CodeJam</Filter>
    </ClCompile>
    <ClCompile Include="CodeJam\AmpleSyrup.cpp">
      <Filter>CodeJam</Filter>
    </ClCompile>
    <ClCompile Include="CodeJam\ParentingPartnering.cpp">
      <Filter>CodeJam</Filter>
    </ClCompile>
    <ClCompile Include="WordChain.cpp">
      <Filter>Algospot</Filter>
    </ClCompile>
    <ClCompile Include="Gallery.cpp">
      <Filter>Algospot</Filter>
    </ClCompile>
    <ClCompile Include="MeetingRoom.cpp">
      <Filter>Algospot</Filter>
    </ClCompile>
    <ClCompile Include="ChildrenDay.cpp">
      <Filter>Algospot</Filter>
    </ClCompile>
    <ClCompile Include="SortGame.cpp">
      <Filter>Algospot</Filter>
    </ClCompile>
    <ClCompile Include="Hanoi4.cpp">
      <Filter>Algospot</Filter>
    </ClCompile>
    <ClCompile Include="FireTrucks.cpp">
      <Filter>Algospot</Filter>
    </ClCompile>
    <ClCompile Include="Nthlon.cpp">
      <Filter>Algospot</Filter>
    </ClCompile>
    <ClCompile Include="TimeTrip.cpp">
      <Filter>Algospot</Filter>
    </ClCompile>
    <ClCompile Include="Drunken.cpp">
      <Filter>Algospot</Filter>
    </ClCompile>
    <ClCompile Include="Promises.cpp">
      <Filter>Algospot</Filter>
    </ClCompile>
    <ClCompile Include="Baekjoon\9942-하노이의네탑.cpp">
      <Filter>Baekjoon</Filter>
    </ClCompile>
    <ClCompile Include="DrawRect_Re.cpp">
      <Filter>Algospot</Filter>
    </ClCompile>
  </ItemGroup>
</Project>